
Microsoft Visual Studio Solution File, Format Version 12.00
# Visual Studio 15
Project("{FAE04EC0-301F-11D3-BF4B-00C04F79EFBC}") = "Assembly-CSharp", "Assembly-CSharp.csproj", "{670271DD-7C75-957E-20E8-DFF3A596707B}"
EndProject
Project("{FAE04EC0-301F-11D3-BF4B-00C04F79EFBC}") = "Assembly-CSharp-Editor", "Assembly-CSharp-Editor.csproj", "{FE0357FC-7E57-58AB-7CFA-4097C987418B}"
EndProject
Global
	GlobalSection(SolutionConfigurationPlatforms) = preSolution
		Debug|Any CPU = Debug|Any CPU
		Release|Any CPU = Release|Any CPU
	EndGlobalSection
	GlobalSection(ProjectConfigurationPlatforms) = postSolution
		{670271DD-7C75-957E-20E8-DFF3A596707B}.Debug|Any CPU.ActiveCfg = Debug|Any CPU
		{670271DD-7C75-957E-20E8-DFF3A596707B}.Debug|Any CPU.Build.0 = Debug|Any CPU
		{670271DD-7C75-957E-20E8-DFF3A596707B}.Release|Any CPU.ActiveCfg = Release|Any CPU
		{670271DD-7C75-957E-20E8-DFF3A596707B}.Release|Any CPU.Build.0 = Release|Any CPU
		{FE0357FC-7E57-58AB-7CFA-4097C987418B}.Debug|Any CPU.ActiveCfg = Debug|Any CPU
		{FE0357FC-7E57-58AB-7CFA-4097C987418B}.Debug|Any CPU.Build.0 = Debug|Any CPU
		{FE0357FC-7E57-58AB-7CFA-4097C987418B}.Release|Any CPU.ActiveCfg = Release|Any CPU
		{FE0357FC-7E57-58AB-7CFA-4097C987418B}.Release|Any CPU.Build.0 = Release|Any CPU
	EndGlobalSection
	GlobalSection(SolutionProperties) = preSolution
		HideSolutionNode = FALSE
	EndGlobalSection
EndGlobal
